
Microsoft Visual Studio Solution File, Format Version 12.00
# Visual Studio Version 17
VisualStudioVersion = 17.4.33213.308
MinimumVisualStudioVersion = 10.0.40219.1
Project("{FAE04EC0-301F-11D3-BF4B-00C04F79EFBC}") = "PickMeUp.API", "PickMeUp\PickMeUp.API.csproj", "{8C722C3C-7CD6-4A2F-AAD8-5CAA2AEE4DC8}"
EndProject
Project("{FAE04EC0-301F-11D3-BF4B-00C04F79EFBC}") = "PickMeUp.Service", "PickMeUpService\PickMeUp.Service.csproj", "{6C5D91FD-4A0D-4418-AE73-7A0EBC167FFB}"
EndProject
Project("{FAE04EC0-301F-11D3-BF4B-00C04F79EFBC}") = "PickMeUp.Repository", "PickMeUpRepository\PickMeUp.Repository.csproj", "{C476F086-420B-4F36-A6FC-B89388B36A78}"
EndProject
Project("{FAE04EC0-301F-11D3-BF4B-00C04F79EFBC}") = "PickMeUp.Core", "PickMeUpCore\PickMeUp.Core.csproj", "{F3739B7B-2668-4289-8D86-13C85BCF148D}"
EndProject
Project("{FAE04EC0-301F-11D3-BF4B-00C04F79EFBC}") = "PickMeUp.DTO", "PickMeUpDTO\PickMeUp.DTO.csproj", "{FEF3F05D-22EF-471F-9216-EB464EAE0D75}"
EndProject
Global
	GlobalSection(SolutionConfigurationPlatforms) = preSolution
		Debug|Any CPU = Debug|Any CPU
		Release|Any CPU = Release|Any CPU
	EndGlobalSection
	GlobalSection(ProjectConfigurationPlatforms) = postSolution
		{8C722C3C-7CD6-4A2F-AAD8-5CAA2AEE4DC8}.Debug|Any CPU.ActiveCfg = Debug|Any CPU
		{8C722C3C-7CD6-4A2F-AAD8-5CAA2AEE4DC8}.Debug|Any CPU.Build.0 = Debug|Any CPU
		{8C722C3C-7CD6-4A2F-AAD8-5CAA2AEE4DC8}.Release|Any CPU.ActiveCfg = Release|Any CPU
		{8C722C3C-7CD6-4A2F-AAD8-5CAA2AEE4DC8}.Release|Any CPU.Build.0 = Release|Any CPU
		{6C5D91FD-4A0D-4418-AE73-7A0EBC167FFB}.Debug|Any CPU.ActiveCfg = Debug|Any CPU
		{6C5D91FD-4A0D-4418-AE73-7A0EBC167FFB}.Debug|Any CPU.Build.0 = Debug|Any CPU
		{6C5D91FD-4A0D-4418-AE73-7A0EBC167FFB}.Release|Any CPU.ActiveCfg = Release|Any CPU
		{6C5D91FD-4A0D-4418-AE73-7A0EBC167FFB}.Release|Any CPU.Build.0 = Release|Any CPU
		{C476F086-420B-4F36-A6FC-B89388B36A78}.Debug|Any CPU.ActiveCfg = Debug|Any CPU
		{C476F086-420B-4F36-A6FC-B89388B36A78}.Debug|Any CPU.Build.0 = Debug|Any CPU
		{C476F086-420B-4F36-A6FC-B89388B36A78}.Release|Any CPU.ActiveCfg = Release|Any CPU
		{C476F086-420B-4F36-A6FC-B89388B36A78}.Release|Any CPU.Build.0 = Release|Any CPU
		{F3739B7B-2668-4289-8D86-13C85BCF148D}.Debug|Any CPU.ActiveCfg = Debug|Any CPU
		{F3739B7B-2668-4289-8D86-13C85BCF148D}.Debug|Any CPU.Build.0 = Debug|Any CPU
		{F3739B7B-2668-4289-8D86-13C85BCF148D}.Release|Any CPU.ActiveCfg = Release|Any CPU
		{F3739B7B-2668-4289-8D86-13C85BCF148D}.Release|Any CPU.Build.0 = Release|Any CPU
		{FEF3F05D-22EF-471F-9216-EB464EAE0D75}.Debug|Any CPU.ActiveCfg = Debug|Any CPU
		{FEF3F05D-22EF-471F-9216-EB464EAE0D75}.Debug|Any CPU.Build.0 = Debug|Any CPU
		{FEF3F05D-22EF-471F-9216-EB464EAE0D75}.Release|Any CPU.ActiveCfg = Release|Any CPU
		{FEF3F05D-22EF-471F-9216-EB464EAE0D75}.Release|Any CPU.Build.0 = Release|Any CPU
	EndGlobalSection
	GlobalSection(SolutionProperties) = preSolution
		HideSolutionNode = FALSE
	EndGlobalSection
	GlobalSection(ExtensibilityGlobals) = postSolution
		SolutionGuid = {02FB0A8F-85D4-4989-B2D9-662D610BB82C}
	EndGlobalSection
EndGlobal
